
Microsoft Visual Studio Solution File, Format Version 12.00
Project("{FAE04EC0-301F-11D3-BF4B-00C04F79EFBC}") = "TwinApp.Client", "TwinApp.Client\TwinApp.Client.csproj", "{C2288170-046F-47CD-9D55-876F60AFD301}"
EndProject
Project("{FAE04EC0-301F-11D3-BF4B-00C04F79EFBC}") = "TwinApp.Client.Services", "TwinApp.Client.Services\TwinApp.Client.Services.csproj", "{3D0F90D8-E8FF-41ED-BC2E-0EDBB67EF104}"
EndProject
Project("{FAE04EC0-301F-11D3-BF4B-00C04F79EFBC}") = "TwinApp.Client.Shared", "TwinApp.Client.Shared\TwinApp.Client.Shared.csproj", "{648AB0B8-075B-4F47-8ABA-6407EE27F713}"
EndProject
Project("{FAE04EC0-301F-11D3-BF4B-00C04F79EFBC}") = "TwinApp.ProjectService.API", "TwinApp.ProjectService.API\TwinApp.ProjectService.API.csproj", "{55FA3245-F0B6-4693-9239-950AA8BB59F7}"
EndProject
Project("{2150E333-8FDC-42A3-9474-1A3956D46DE8}") = "Solution Items", "Solution Items", "{53F75572-7D5F-4039-B7E3-D60D9B35CAFA}"
	ProjectSection(SolutionItems) = preProject
		compose.yaml = compose.yaml
		README.md = README.md
	EndProjectSection
EndProject
Project("{FAE04EC0-301F-11D3-BF4B-00C04F79EFBC}") = "TwinApp.ProjectService.Shared", "TwinApp.ProjectService.Shared\TwinApp.ProjectService.Shared.csproj", "{4ADA2F57-D77A-415A-89F1-0C846248BEDB}"
EndProject
Project("{FAE04EC0-301F-11D3-BF4B-00C04F79EFBC}") = "TwinApp.StreamingService.API", "TwinApp.StreamingService.API\TwinApp.StreamingService.API.csproj", "{229F1E6A-9CB9-4A17-B968-3E43AC1ED13D}"
EndProject
Global
	GlobalSection(SolutionConfigurationPlatforms) = preSolution
		Debug|Any CPU = Debug|Any CPU
		Release|Any CPU = Release|Any CPU
	EndGlobalSection
	GlobalSection(ProjectConfigurationPlatforms) = postSolution
		{C2288170-046F-47CD-9D55-876F60AFD301}.Debug|Any CPU.ActiveCfg = Debug|Any CPU
		{C2288170-046F-47CD-9D55-876F60AFD301}.Debug|Any CPU.Build.0 = Debug|Any CPU
		{C2288170-046F-47CD-9D55-876F60AFD301}.Release|Any CPU.ActiveCfg = Release|Any CPU
		{C2288170-046F-47CD-9D55-876F60AFD301}.Release|Any CPU.Build.0 = Release|Any CPU
		{3D0F90D8-E8FF-41ED-BC2E-0EDBB67EF104}.Debug|Any CPU.ActiveCfg = Debug|Any CPU
		{3D0F90D8-E8FF-41ED-BC2E-0EDBB67EF104}.Debug|Any CPU.Build.0 = Debug|Any CPU
		{3D0F90D8-E8FF-41ED-BC2E-0EDBB67EF104}.Release|Any CPU.ActiveCfg = Release|Any CPU
		{3D0F90D8-E8FF-41ED-BC2E-0EDBB67EF104}.Release|Any CPU.Build.0 = Release|Any CPU
		{648AB0B8-075B-4F47-8ABA-6407EE27F713}.Debug|Any CPU.ActiveCfg = Debug|Any CPU
		{648AB0B8-075B-4F47-8ABA-6407EE27F713}.Debug|Any CPU.Build.0 = Debug|Any CPU
		{648AB0B8-075B-4F47-8ABA-6407EE27F713}.Release|Any CPU.ActiveCfg = Release|Any CPU
		{648AB0B8-075B-4F47-8ABA-6407EE27F713}.Release|Any CPU.Build.0 = Release|Any CPU
		{55FA3245-F0B6-4693-9239-950AA8BB59F7}.Debug|Any CPU.ActiveCfg = Debug|Any CPU
		{55FA3245-F0B6-4693-9239-950AA8BB59F7}.Debug|Any CPU.Build.0 = Debug|Any CPU
		{55FA3245-F0B6-4693-9239-950AA8BB59F7}.Release|Any CPU.ActiveCfg = Release|Any CPU
		{55FA3245-F0B6-4693-9239-950AA8BB59F7}.Release|Any CPU.Build.0 = Release|Any CPU
		{4ADA2F57-D77A-415A-89F1-0C846248BEDB}.Debug|Any CPU.ActiveCfg = Debug|Any CPU
		{4ADA2F57-D77A-415A-89F1-0C846248BEDB}.Debug|Any CPU.Build.0 = Debug|Any CPU
		{4ADA2F57-D77A-415A-89F1-0C846248BEDB}.Release|Any CPU.ActiveCfg = Release|Any CPU
		{4ADA2F57-D77A-415A-89F1-0C846248BEDB}.Release|Any CPU.Build.0 = Release|Any CPU
		{229F1E6A-9CB9-4A17-B968-3E43AC1ED13D}.Debug|Any CPU.ActiveCfg = Debug|Any CPU
		{229F1E6A-9CB9-4A17-B968-3E43AC1ED13D}.Debug|Any CPU.Build.0 = Debug|Any CPU
		{229F1E6A-9CB9-4A17-B968-3E43AC1ED13D}.Release|Any CPU.ActiveCfg = Release|Any CPU
		{229F1E6A-9CB9-4A17-B968-3E43AC1ED13D}.Release|Any CPU.Build.0 = Release|Any CPU
	EndGlobalSection
EndGlobal
